<?xml version="1.0" encoding="utf-8"?>
<Project ToolsVersion="4.0" xmlns="http://schemas.microsoft.com/developer/msbuild/2003">
  <ItemGroup>
    <Filter Include="Source Files">
      <UniqueIdentifier>{4FC737F1-C7A5-4376-A066-2A32D752A2FF}</UniqueIdentifier>
      <Extensions>cpp;c;cc;cxx;def;odl;idl;hpj;bat;asm;asmx</Extensions>
    </Filter>
    <Filter Include="Header Files">
      <UniqueIdentifier>{93995380-89BD-4b04-88EB-625FBE52EBFB}</UniqueIdentifier>
      <Extensions>h;hpp;hxx;hm;inl;inc;xsd</Extensions>
    </Filter>
    <Filter Include="Resource Files">
      <UniqueIdentifier>{67DA6AB6-F800-4c08-8B7A-83BB121AAD01}</UniqueIdentifier>
      <Extensions>rc;ico;cur;bmp;dlg;rc2;rct;bin;rgs;gif;jpg;jpeg;jpe;resx;tiff;tif;png;wav;mfcribbon-ms</Extensions>
    </Filter>
    <Filter Include="Source Files\TinyXML">
      <UniqueIdentifier>{ee7e5219-e738-42c8-b59c-1f128c22fad9}</UniqueIdentifier>
    </Filter>
    <Filter Include="LodePNG">
      <UniqueIdentifier>{7712004a-d30d-4e1b-865f-03395afbae85}</UniqueIdentifier>
    </Filter>
    <Filter Include="Header Files\Physics">
      <UniqueIdentifier>{53f5ecd1-9cf7-4939-8929-7048c232f15b}</UniqueIdentifier>
    </Filter>
    <Filter Include="Source Files\Physics">
      <UniqueIdentifier>{cad3746a-a757-49c6-bd38-4864b157942a}</UniqueIdentifier>
    </Filter>
    <Filter Include="Header Files\Graphics">
      <UniqueIdentifier>{44fd52e9-7e2e-4c51-9ce9-d21f02254fd7}</UniqueIdentifier>
    </Filter>
    <Filter Include="Source Files\Graphics">
      <UniqueIdentifier>{1e0cead2-7f12-4d92-ab3b-003febbb6223}</UniqueIdentifier>
    </Filter>
    <Filter Include="Header Files\Graphics\3D Rendering">
      <UniqueIdentifier>{12e9b50a-f09f-41c8-be00-91be4f546c33}</UniqueIdentifier>
    </Filter>
    <Filter Include="Header Files\Graphics\2D Rendering">
      <UniqueIdentifier>{b1f026b5-d19b-4bb1-a148-686d630c4893}</UniqueIdentifier>
    </Filter>
    <Filter Include="Source Files\Graphics\3D Rendering">
      <UniqueIdentifier>{45a6c98d-d8bd-40a7-ada0-e17e3f56230d}</UniqueIdentifier>
    </Filter>
    <Filter Include="Source Files\Graphics\2D Rendering">
      <UniqueIdentifier>{00ec8168-afdd-4b1c-80aa-f5b96ecaa907}</UniqueIdentifier>
    </Filter>
    <Filter Include="Header Files\Graphics\TextRendering">
      <UniqueIdentifier>{16f2491a-1b47-46c5-945b-09d8f760d7b6}</UniqueIdentifier>
    </Filter>
    <Filter Include="Source Files\Graphics\TextRendering">
      <UniqueIdentifier>{ee4dec64-969d-4d4f-a6b7-f5750bd7f351}</UniqueIdentifier>
    </Filter>
    <Filter Include="Source Files\Game">
      <UniqueIdentifier>{8df82940-25c2-4342-829b-d332030fae7f}</UniqueIdentifier>
    </Filter>
    <Filter Include="Header Files\Game">
      <UniqueIdentifier>{ea42a0b8-d699-4b44-a357-95f6d48a1fe5}</UniqueIdentifier>
    </Filter>
    <Filter Include="Header Files\Input">
      <UniqueIdentifier>{0aaf824d-2f0f-4e34-aab2-b3fb60abd2f3}</UniqueIdentifier>
    </Filter>
    <Filter Include="Header Files\Graphics\Shaders">
      <UniqueIdentifier>{39fdfa5a-1a35-4403-8779-0b9fd381a5c6}</UniqueIdentifier>
    </Filter>
    <Filter Include="Source Files\Graphics\Shaders">
      <UniqueIdentifier>{87a9f9fb-406f-41cc-9199-f2f7f9fcdc9c}</UniqueIdentifier>
    </Filter>
    <Filter Include="Source Files\Physics\ParticlePhysics">
      <UniqueIdentifier>{162ac00b-b563-43d8-8540-1b4296fca4e2}</UniqueIdentifier>
    </Filter>
    <Filter Include="Source Files\Physics\ParticlePhysics\Collision">
      <UniqueIdentifier>{0b436f96-e1fe-4532-9664-006a643d5386}</UniqueIdentifier>
    </Filter>
    <Filter Include="Header Files\Physics\ParticlePhysics">
      <UniqueIdentifier>{929b6117-833b-4f81-981b-bf8309f038e2}</UniqueIdentifier>
    </Filter>
    <Filter Include="Header Files\Physics\ParticlePhysics\Tiny XML">
      <UniqueIdentifier>{f481ab42-6af3-4551-9ec0-fcadba468a0e}</UniqueIdentifier>
    </Filter>
    <Filter Include="Header Files\Physics\ParticlePhysics\Collision">
      <UniqueIdentifier>{179b2813-c66e-4306-9ad8-f26928fe1e76}</UniqueIdentifier>
    </Filter>
    <Filter Include="Header Files\Physics\ForceGenerators">
      <UniqueIdentifier>{21b43381-bf08-4271-bb28-9ca53ebbc28e}</UniqueIdentifier>
    </Filter>
    <Filter Include="Source Files\Physics\ForceGenerators">
      <UniqueIdentifier>{da953c2b-fd9f-4b0c-80a1-334cdfa74a73}</UniqueIdentifier>
    </Filter>
    <Filter Include="Header Files\Physics\Collision">
      <UniqueIdentifier>{bc6538bb-c49b-4fbf-af1d-3efc95a377be}</UniqueIdentifier>
    </Filter>
    <Filter Include="Source Files\Physics\Collision">
      <UniqueIdentifier>{7384e8a0-5661-41e1-a7dc-ef28a2008491}</UniqueIdentifier>
    </Filter>
    <Filter Include="Header Files\Math">
      <UniqueIdentifier>{d58c4ec6-314b-40eb-9930-3338a8c175b8}</UniqueIdentifier>
    </Filter>
    <Filter Include="Source Files\Math">
      <UniqueIdentifier>{9518db26-6e96-4625-8725-7b89f9acfc5e}</UniqueIdentifier>
    </Filter>
    <Filter Include="Header Files\Physics\Collision\CollisionPrimitives">
      <UniqueIdentifier>{803b97ab-636f-4130-89da-7761f1c1e688}</UniqueIdentifier>
    </Filter>
  </ItemGroup>
  <ItemGroup>
    <ClCompile Include="main.cpp">
      <Filter>Source Files</Filter>
    </ClCompile>
    <ClCompile Include="Sprite2D.cpp">
      <Filter>Source Files\Graphics\2D Rendering</Filter>
    </ClCompile>
    <ClCompile Include="tinystr.cpp">
      <Filter>Source Files\TinyXML</Filter>
    </ClCompile>
    <ClCompile Include="tinyxml.cpp">
      <Filter>Source Files\TinyXML</Filter>
    </ClCompile>
    <ClCompile Include="tinyxmlerror.cpp">
      <Filter>Source Files\TinyXML</Filter>
    </ClCompile>
    <ClCompile Include="tinyxmlparser.cpp">
      <Filter>Source Files\TinyXML</Filter>
    </ClCompile>
    <ClCompile Include="lodepng.cpp">
      <Filter>LodePNG</Filter>
    </ClCompile>
    <ClCompile Include="Transform2D.cpp">
      <Filter>Source Files\Graphics\2D Rendering</Filter>
    </ClCompile>
    <ClCompile Include="GUIImage.cpp">
      <Filter>Source Files\Graphics\2D Rendering</Filter>
    </ClCompile>
    <ClCompile Include="GUISystem.cpp">
      <Filter>Source Files\Graphics\2D Rendering</Filter>
    </ClCompile>
    <ClCompile Include="Sprite2DManager.cpp">
      <Filter>Source Files\Graphics\2D Rendering</Filter>
    </ClCompile>
    <ClCompile Include="GUIButton.cpp">
      <Filter>Source Files\Graphics\2D Rendering</Filter>
    </ClCompile>
    <ClCompile Include="Material.cpp">
      <Filter>Source Files\Graphics\3D Rendering</Filter>
    </ClCompile>
    <ClCompile Include="Mesh.cpp">
      <Filter>Source Files\Graphics\3D Rendering</Filter>
    </ClCompile>
    <ClCompile Include="MeshCreator.cpp">
      <Filter>Source Files\Graphics\3D Rendering</Filter>
    </ClCompile>
    <ClCompile Include="Model.cpp">
      <Filter>Source Files\Graphics\3D Rendering</Filter>
    </ClCompile>
    <ClCompile Include="ModelData.cpp">
      <Filter>Source Files\Graphics\3D Rendering</Filter>
    </ClCompile>
    <ClCompile Include="ModelOld.cpp">
      <Filter>Source Files\Graphics\3D Rendering</Filter>
    </ClCompile>
    <ClCompile Include="PointLight.cpp">
      <Filter>Source Files\Graphics\3D Rendering</Filter>
    </ClCompile>
    <ClCompile Include="Rectangle2D.cpp">
      <Filter>Source Files\Graphics\2D Rendering</Filter>
    </ClCompile>
    <ClCompile Include="Transform.cpp">
      <Filter>Source Files\Graphics\3D Rendering</Filter>
    </ClCompile>
    <ClCompile Include="DisplayObject3D.cpp">
      <Filter>Source Files\Graphics\3D Rendering</Filter>
    </ClCompile>
    <ClCompile Include="Camera.cpp">
      <Filter>Source Files\Graphics\3D Rendering</Filter>
    </ClCompile>
    <ClCompile Include="DrawData.cpp">
      <Filter>Source Files\Graphics\3D Rendering</Filter>
    </ClCompile>
    <ClCompile Include="Color.cpp">
      <Filter>Source Files\Graphics</Filter>
    </ClCompile>
    <ClCompile Include="Texture.cpp">
      <Filter>Source Files\Graphics</Filter>
    </ClCompile>
    <ClCompile Include="TextureManager.cpp">
      <Filter>Source Files\Graphics</Filter>
    </ClCompile>
    <ClCompile Include="TextField.cpp">
      <Filter>Source Files\Graphics\TextRendering</Filter>
    </ClCompile>
    <ClCompile Include="TextRenderer.cpp">
      <Filter>Source Files\Graphics\TextRendering</Filter>
    </ClCompile>
    <ClCompile Include="BasicGeometry.cpp">
      <Filter>Source Files\Graphics\3D Rendering</Filter>
    </ClCompile>
    <ClCompile Include="MainApp.cpp">
      <Filter>Source Files</Filter>
    </ClCompile>
    <ClCompile Include="Skybox.cpp">
      <Filter>Source Files\Graphics\3D Rendering</Filter>
    </ClCompile>
    <ClCompile Include="CameraContainer.cpp">
      <Filter>Source Files\Graphics\3D Rendering</Filter>
    </ClCompile>
    <ClCompile Include="Random.cpp">
      <Filter>Source Files</Filter>
    </ClCompile>
    <ClCompile Include="AnchoredSpringForceGenerator.cpp">
      <Filter>Source Files\Physics\ForceGenerators</Filter>
    </ClCompile>
    <ClCompile Include="BungeeForceGenerator.cpp">
      <Filter>Source Files\Physics\ForceGenerators</Filter>
    </ClCompile>
    <ClCompile Include="GravityForceGenerator.cpp">
      <Filter>Source Files\Physics\ForceGenerators</Filter>
    </ClCompile>
    <ClCompile Include="SpringForceGenerator.cpp">
      <Filter>Source Files\Physics\ForceGenerators</Filter>
    </ClCompile>
    <ClCompile Include="ParticleContact.cpp">
      <Filter>Source Files\Physics\ParticlePhysics\Collision</Filter>
    </ClCompile>
    <ClCompile Include="ParticleContactGenerator.cpp">
      <Filter>Source Files\Physics\ParticlePhysics\Collision</Filter>
    </ClCompile>
    <ClCompile Include="ParticleContactResolver.cpp">
      <Filter>Source Files\Physics\ParticlePhysics\Collision</Filter>
    </ClCompile>
    <ClCompile Include="GroundContactGenerator.cpp">
      <Filter>Source Files\Physics\ParticlePhysics\Collision</Filter>
    </ClCompile>
    <ClCompile Include="ParticleRod.cpp">
      <Filter>Source Files\Physics\ParticlePhysics\Collision</Filter>
    </ClCompile>
    <ClCompile Include="ParticleLink.cpp">
      <Filter>Source Files\Physics\ParticlePhysics\Collision</Filter>
    </ClCompile>
    <ClCompile Include="ParticleCable.cpp">
      <Filter>Source Files\Physics\ParticlePhysics\Collision</Filter>
    </ClCompile>
    <ClCompile Include="MassAggregateModels.cpp">
      <Filter>Source Files\Graphics</Filter>
    </ClCompile>
    <ClCompile Include="DisplayObject3DManager.cpp">
      <Filter>Source Files\Graphics\3D Rendering</Filter>
    </ClCompile>
    <ClCompile Include="GroundForceGenerator.cpp">
      <Filter>Source Files\Physics\ForceGenerators</Filter>
    </ClCompile>
    <ClCompile Include="MaterialManager.cpp">
      <Filter>Source Files\Graphics\3D Rendering</Filter>
    </ClCompile>
    <ClCompile Include="DebugLogger.cpp">
      <Filter>Source Files</Filter>
    </ClCompile>
    <ClCompile Include="Game.cpp">
      <Filter>Source Files\Game</Filter>
    </ClCompile>
    <ClCompile Include="GameObject.cpp">
      <Filter>Source Files\Game</Filter>
    </ClCompile>
    <ClCompile Include="Player.cpp">
      <Filter>Source Files\Game</Filter>
    </ClCompile>
    <ClCompile Include="InputSystem.cpp">
      <Filter>Source Files</Filter>
    </ClCompile>
    <ClCompile Include="ModelManager.cpp">
      <Filter>Source Files\Graphics\3D Rendering</Filter>
    </ClCompile>
    <ClCompile Include="GraphicsSystem.cpp">
      <Filter>Source Files\Graphics</Filter>
    </ClCompile>
    <ClCompile Include="ShaderBase.cpp">
      <Filter>Source Files\Graphics\Shaders</Filter>
    </ClCompile>
    <ClCompile Include="ShaderTextureReplace.cpp">
      <Filter>Source Files\Graphics\Shaders</Filter>
    </ClCompile>
    <ClCompile Include="ShaderManager.cpp">
      <Filter>Source Files\Graphics\Shaders</Filter>
    </ClCompile>
    <ClCompile Include="Particle.cpp">
      <Filter>Source Files\Physics\ParticlePhysics</Filter>
    </ClCompile>
    <ClCompile Include="ParticleOld.cpp">
      <Filter>Source Files\Physics\ParticlePhysics</Filter>
    </ClCompile>
    <ClCompile Include="ParticleSystem.cpp">
      <Filter>Source Files\Physics\ParticlePhysics</Filter>
    </ClCompile>
    <ClCompile Include="ShaderTextureColor.cpp">
      <Filter>Source Files\Graphics\Shaders</Filter>
    </ClCompile>
    <ClCompile Include="ShaderColorShaded.cpp">
      <Filter>Source Files\Graphics\Shaders</Filter>
    </ClCompile>
    <ClCompile Include="ShaderColorSolid.cpp">
      <Filter>Source Files\Graphics\Shaders</Filter>
    </ClCompile>
    <ClCompile Include="ShaderGreySolid.cpp">
      <Filter>Source Files\Graphics\Shaders</Filter>
    </ClCompile>
    <ClCompile Include="ShaderGreyShaded.cpp">
      <Filter>Source Files\Graphics\Shaders</Filter>
    </ClCompile>
    <ClCompile Include="PhysicsSystem.cpp">
      <Filter>Source Files\Physics</Filter>
    </ClCompile>
    <ClCompile Include="RigidBody.cpp">
      <Filter>Source Files\Physics</Filter>
    </ClCompile>
    <ClCompile Include="ForceGenerator.cpp">
      <Filter>Source Files\Physics\ForceGenerators</Filter>
    </ClCompile>
    <ClCompile Include="Contact.cpp">
      <Filter>Source Files\Physics\Collision</Filter>
    </ClCompile>
    <ClCompile Include="CollisionTest.cpp">
      <Filter>Source Files\Physics\Collision</Filter>
    </ClCompile>
    <ClCompile Include="ContactResolver.cpp">
      <Filter>Source Files\Physics\Collision</Filter>
    </ClCompile>
    <ClCompile Include="CollisionDetector.cpp">
      <Filter>Source Files\Physics\Collision</Filter>
    </ClCompile>
    <ClCompile Include="UnitTest.cpp">
      <Filter>Source Files</Filter>
    </ClCompile>
    <ClCompile Include="AssetLoader.cpp">
      <Filter>Source Files\Game</Filter>
    </ClCompile>
    <ClCompile Include="Matrix33f.cpp">
      <Filter>Source Files\Math</Filter>
    </ClCompile>
    <ClCompile Include="Matrix44f.cpp">
      <Filter>Source Files\Math</Filter>
    </ClCompile>
    <ClCompile Include="Vector2f.cpp">
      <Filter>Source Files\Math</Filter>
    </ClCompile>
    <ClCompile Include="Vector3f.cpp">
      <Filter>Source Files\Math</Filter>
    </ClCompile>
    <ClCompile Include="Quaternion.cpp">
      <Filter>Source Files\Math</Filter>
    </ClCompile>
    <ClCompile Include="Vector3f_MatrixFunctions.cpp">
      <Filter>Source Files\Math</Filter>
    </ClCompile>
    <ClCompile Include="Ground.cpp">
      <Filter>Source Files\Game</Filter>
    </ClCompile>
    <ClCompile Include="CollisionPrimitive.cpp">
      <Filter>Source Files\Physics\Collision</Filter>
    </ClCompile>
    <ClCompile Include="CollisionData.cpp">
      <Filter>Source Files\Physics\Collision</Filter>
    </ClCompile>
  </ItemGroup>
  <ItemGroup>
    <Library Include="libs\gltools.lib" />
    <Library Include="libs\freeglut_static.lib" />
  </ItemGroup>
  <ItemGroup>
    <ClInclude Include="GLfiles.h">
      <Filter>Header Files</Filter>
    </ClInclude>
    <ClInclude Include="FixedArray.h">
      <Filter>Header Files</Filter>
    </ClInclude>
    <ClInclude Include="Sprite2D.h">
      <Filter>Header Files\Graphics\2D Rendering</Filter>
    </ClInclude>
    <ClInclude Include="tinystr.h">
      <Filter>Header Files\Physics\ParticlePhysics\Tiny XML</Filter>
    </ClInclude>
    <ClInclude Include="tinyxml.h">
      <Filter>Header Files\Physics\ParticlePhysics\Tiny XML</Filter>
    </ClInclude>
    <ClInclude Include="lodepng.h">
      <Filter>LodePNG</Filter>
    </ClInclude>
    <ClInclude Include="GUIImage.h">
      <Filter>Header Files\Graphics\2D Rendering</Filter>
    </ClInclude>
    <ClInclude Include="Transform2D.h">
      <Filter>Header Files\Graphics\2D Rendering</Filter>
    </ClInclude>
    <ClInclude Include="GUISystem.h">
      <Filter>Header Files\Graphics\2D Rendering</Filter>
    </ClInclude>
    <ClInclude Include="GuiOperationEnum.h">
      <Filter>Header Files\Graphics\2D Rendering</Filter>
    </ClInclude>
    <ClInclude Include="Sprite2DManager.h">
      <Filter>Header Files\Graphics\2D Rendering</Filter>
    </ClInclude>
    <ClInclude Include="GUIButton.h">
      <Filter>Header Files\Graphics\2D Rendering</Filter>
    </ClInclude>
    <ClInclude Include="Rectangle2D.h">
      <Filter>Header Files\Graphics\2D Rendering</Filter>
    </ClInclude>
    <ClInclude Include="Mesh.h">
      <Filter>Header Files\Graphics\3D Rendering</Filter>
    </ClInclude>
    <ClInclude Include="MeshCreator.h">
      <Filter>Header Files\Graphics\3D Rendering</Filter>
    </ClInclude>
    <ClInclude Include="MeshData.h">
      <Filter>Header Files\Graphics\3D Rendering</Filter>
    </ClInclude>
    <ClInclude Include="Model.h">
      <Filter>Header Files\Graphics\3D Rendering</Filter>
    </ClInclude>
    <ClInclude Include="ModelData.h">
      <Filter>Header Files\Graphics\3D Rendering</Filter>
    </ClInclude>
    <ClInclude Include="PointLight.h">
      <Filter>Header Files\Graphics\3D Rendering</Filter>
    </ClInclude>
    <ClInclude Include="DisplayObject3D.h">
      <Filter>Header Files\Graphics\3D Rendering</Filter>
    </ClInclude>
    <ClInclude Include="Geometry.h">
      <Filter>Header Files\Graphics\3D Rendering</Filter>
    </ClInclude>
    <ClInclude Include="Material.h">
      <Filter>Header Files\Graphics\3D Rendering</Filter>
    </ClInclude>
    <ClInclude Include="resource.h">
      <Filter>Header Files</Filter>
    </ClInclude>
    <ClInclude Include="Camera.h">
      <Filter>Header Files\Graphics</Filter>
    </ClInclude>
    <ClInclude Include="Color.h">
      <Filter>Header Files\Graphics</Filter>
    </ClInclude>
    <ClInclude Include="Texture.h">
      <Filter>Header Files\Graphics</Filter>
    </ClInclude>
    <ClInclude Include="TextureManager.h">
      <Filter>Header Files\Graphics</Filter>
    </ClInclude>
    <ClInclude Include="Transform.h">
      <Filter>Header Files\Graphics\3D Rendering</Filter>
    </ClInclude>
    <ClInclude Include="DrawData.h">
      <Filter>Header Files\Graphics</Filter>
    </ClInclude>
    <ClInclude Include="TextField.h">
      <Filter>Header Files\Graphics\TextRendering</Filter>
    </ClInclude>
    <ClInclude Include="TextRenderer.h">
      <Filter>Header Files\Graphics\TextRendering</Filter>
    </ClInclude>
    <ClInclude Include="BasicGeometry.h">
      <Filter>Header Files\Graphics\3D Rendering</Filter>
    </ClInclude>
    <ClInclude Include="MainApp.h">
      <Filter>Header Files</Filter>
    </ClInclude>
    <ClInclude Include="Skybox.h">
      <Filter>Header Files\Graphics\3D Rendering</Filter>
    </ClInclude>
    <ClInclude Include="CameraContainer.h">
      <Filter>Header Files\Graphics</Filter>
    </ClInclude>
    <ClInclude Include="unit_test.h">
      <Filter>Header Files</Filter>
    </ClInclude>
    <ClInclude Include="Random.h">
      <Filter>Header Files</Filter>
    </ClInclude>
    <ClInclude Include="GravityForceGenerator.h">
      <Filter>Header Files\Physics\ForceGenerators</Filter>
    </ClInclude>
    <ClInclude Include="AnchoredSpringForceGenerator.h">
      <Filter>Header Files\Physics\ForceGenerators</Filter>
    </ClInclude>
    <ClInclude Include="BungeeForceGenerator.h">
      <Filter>Header Files\Physics\ForceGenerators</Filter>
    </ClInclude>
    <ClInclude Include="SpringForceGenerator.h">
      <Filter>Header Files\Physics\ForceGenerators</Filter>
    </ClInclude>
    <ClInclude Include="ParticleContact.h">
      <Filter>Header Files\Physics\ParticlePhysics\Collision</Filter>
    </ClInclude>
    <ClInclude Include="ParticleContactGenerator.h">
      <Filter>Header Files\Physics\ParticlePhysics\Collision</Filter>
    </ClInclude>
    <ClInclude Include="ParticleContactResolver.h">
      <Filter>Header Files\Physics\ParticlePhysics\Collision</Filter>
    </ClInclude>
    <ClInclude Include="GroundContactGenerator.h">
      <Filter>Header Files\Physics\ParticlePhysics\Collision</Filter>
    </ClInclude>
    <ClInclude Include="ParticleLink.h">
      <Filter>Header Files\Physics\ParticlePhysics\Collision</Filter>
    </ClInclude>
    <ClInclude Include="ParticleRod.h">
      <Filter>Header Files\Physics\ParticlePhysics\Collision</Filter>
    </ClInclude>
    <ClInclude Include="ParticleCable.h">
      <Filter>Header Files\Physics\ParticlePhysics\Collision</Filter>
    </ClInclude>
    <ClInclude Include="MassAggregateModels.h">
      <Filter>Header Files\Graphics</Filter>
    </ClInclude>
    <ClInclude Include="DisplayObject3DManager.h">
      <Filter>Header Files\Graphics\3D Rendering</Filter>
    </ClInclude>
    <ClInclude Include="GroundForceGenerator.h">
      <Filter>Header Files\Physics\ForceGenerators</Filter>
    </ClInclude>
    <ClInclude Include="DebugLogger.h">
      <Filter>Header Files</Filter>
    </ClInclude>
    <ClInclude Include="SimpleMath.h">
      <Filter>Header Files</Filter>
    </ClInclude>
    <ClInclude Include="ScaleFactor.h">
      <Filter>Header Files\Game</Filter>
    </ClInclude>
    <ClInclude Include="GameObject.h">
      <Filter>Header Files\Game</Filter>
    </ClInclude>
    <ClInclude Include="Game.h">
      <Filter>Header Files\Game</Filter>
    </ClInclude>
    <ClInclude Include="Player.h">
      <Filter>Header Files\Game</Filter>
    </ClInclude>
    <ClInclude Include="Notes.h">
      <Filter>Header Files</Filter>
    </ClInclude>
    <ClInclude Include="MaterialManager.h">
      <Filter>Header Files\Graphics\3D Rendering</Filter>
    </ClInclude>
    <ClInclude Include="ModelManager.h">
      <Filter>Header Files\Graphics\3D Rendering</Filter>
    </ClInclude>
    <ClInclude Include="InputSystem.h">
      <Filter>Header Files\Input</Filter>
    </ClInclude>
    <ClInclude Include="SpecialKeyCode.h">
      <Filter>Header Files\Input</Filter>
    </ClInclude>
    <ClInclude Include="MouseButtons.h">
      <Filter>Header Files\Input</Filter>
    </ClInclude>
    <ClInclude Include="GraphicsSystem.h">
      <Filter>Header Files\Graphics</Filter>
    </ClInclude>
    <ClInclude Include="ShaderBase.h">
      <Filter>Header Files\Graphics\Shaders</Filter>
    </ClInclude>
    <ClInclude Include="ShaderType.h">
      <Filter>Header Files\Graphics\Shaders</Filter>
    </ClInclude>
    <ClInclude Include="ShaderTextureReplace.h">
      <Filter>Header Files\Graphics\Shaders</Filter>
    </ClInclude>
    <ClInclude Include="ShaderManager.h">
      <Filter>Header Files\Graphics\Shaders</Filter>
    </ClInclude>
    <ClInclude Include="Particle.h">
      <Filter>Header Files\Physics\ParticlePhysics</Filter>
    </ClInclude>
    <ClInclude Include="ParticleDrag.h">
      <Filter>Header Files\Physics\ParticlePhysics</Filter>
    </ClInclude>
    <ClInclude Include="ParticleOld.h">
      <Filter>Header Files\Physics\ParticlePhysics</Filter>
    </ClInclude>
    <ClInclude Include="ParticleSystem.h">
      <Filter>Header Files\Physics\ParticlePhysics</Filter>
    </ClInclude>
    <ClInclude Include="ShaderTextureColor.h">
      <Filter>Header Files\Graphics\Shaders</Filter>
    </ClInclude>
    <ClInclude Include="ShaderColorShaded.h">
      <Filter>Header Files\Graphics\Shaders</Filter>
    </ClInclude>
    <ClInclude Include="ShaderColorSolid.h">
      <Filter>Header Files\Graphics\Shaders</Filter>
    </ClInclude>
    <ClInclude Include="ShaderGreyShaded.h">
      <Filter>Header Files\Graphics\Shaders</Filter>
    </ClInclude>
    <ClInclude Include="ShaderGreySolid.h">
      <Filter>Header Files\Graphics\Shaders</Filter>
    </ClInclude>
    <ClInclude Include="PhysicsSystem.h">
      <Filter>Header Files\Physics</Filter>
    </ClInclude>
    <ClInclude Include="RigidBody.h">
      <Filter>Header Files\Physics\ParticlePhysics</Filter>
    </ClInclude>
    <ClInclude Include="ForceGenerator.h">
      <Filter>Header Files\Physics\ForceGenerators</Filter>
    </ClInclude>
    <ClInclude Include="ColliderBox.h">
      <Filter>Header Files\Physics\Collision</Filter>
    </ClInclude>
    <ClInclude Include="Contact.h">
      <Filter>Header Files\Physics\Collision</Filter>
    </ClInclude>
    <ClInclude Include="CollisionData.h">
      <Filter>Header Files\Physics\Collision</Filter>
    </ClInclude>
    <ClInclude Include="CollisionTest.h">
      <Filter>Header Files\Physics\Collision</Filter>
    </ClInclude>
    <ClInclude Include="ContactResolver.h">
      <Filter>Header Files\Physics\Collision</Filter>
    </ClInclude>
    <ClInclude Include="CollisionDetector.h">
      <Filter>Header Files\Physics\Collision</Filter>
    </ClInclude>
    <ClInclude Include="UnitTest.h">
      <Filter>Header Files</Filter>
    </ClInclude>
    <ClInclude Include="AssetLoader.h">
      <Filter>Header Files\Game</Filter>
    </ClInclude>
    <ClInclude Include="Matrix44f.h">
      <Filter>Header Files\Math</Filter>
    </ClInclude>
    <ClInclude Include="Matrix33f.h">
      <Filter>Header Files\Math</Filter>
    </ClInclude>
    <ClInclude Include="Vector2f.h">
      <Filter>Header Files\Math</Filter>
    </ClInclude>
    <ClInclude Include="Vector3f.h">
      <Filter>Header Files\Math</Filter>
    </ClInclude>
    <ClInclude Include="Quaternion.h">
      <Filter>Header Files\Math</Filter>
    </ClInclude>
    <ClInclude Include="Ground.h">
      <Filter>Header Files\Game</Filter>
    </ClInclude>
    <ClInclude Include="CollisionPrimitive.h">
      <Filter>Header Files\Physics\Collision</Filter>
    </ClInclude>
    <ClInclude Include="CollisionSphere.h">
      <Filter>Header Files\Physics\Collision</Filter>
    </ClInclude>
    <ClInclude Include="CollisionPlane.h">
      <Filter>Header Files\Physics\Collision\CollisionPrimitives</Filter>
    </ClInclude>
  </ItemGroup>
  <ItemGroup>
    <None Include="Comments.txt">
      <Filter>Header Files</Filter>
    </None>
    <None Include="shaders\textShader.fp">
      <Filter>Resource Files</Filter>
    </None>
    <None Include="shaders\textShader.vp">
      <Filter>Resource Files</Filter>
    </None>
    <None Include="shaders\colorShadedShader.fp">
      <Filter>Resource Files</Filter>
    </None>
    <None Include="shaders\colorShadedShader.vp">
      <Filter>Resource Files</Filter>
    </None>
    <None Include="shaders\colorSolidShader.fp">
      <Filter>Resource Files</Filter>
    </None>
    <None Include="shaders\colorSolidShader.vp">
      <Filter>Resource Files</Filter>
    </None>
    <None Include="shaders\greyShadedShader.fp">
      <Filter>Resource Files</Filter>
    </None>
    <None Include="shaders\greyShadedShader.vp">
      <Filter>Resource Files</Filter>
    </None>
    <None Include="shaders\greySolidShader.fp">
      <Filter>Resource Files</Filter>
    </None>
    <None Include="shaders\greySolidShader.vp">
      <Filter>Resource Files</Filter>
    </None>
    <None Include="shaders\textureColorShader.fp">
      <Filter>Resource Files</Filter>
    </None>
    <None Include="shaders\textureColorShader.vp">
      <Filter>Resource Files</Filter>
    </None>
    <None Include="shaders\textureShader.fp">
      <Filter>Resource Files</Filter>
    </None>
    <None Include="shaders\textureShader.vp">
      <Filter>Resource Files</Filter>
    </None>
  </ItemGroup>
</Project>